// !$*UTF8*$!
{
	archiveVersion = 1;
	classes = {
	};
	objectVersion = 51;
	objects = {

/* Begin PBXBuildFile section */
		0192712C80F91D50E097B48D /* Pods_Easy_Cook.framework in Frameworks */ = {isa = PBXBuildFile; fileRef = 0B0BB4FD87CAB68988D4DD8C /* Pods_Easy_Cook.framework */; };
		2B0F7A172570E2CE00919C37 /* AppDelegate.swift in Sources */ = {isa = PBXBuildFile; fileRef = 2B0F7A162570E2CE00919C37 /* AppDelegate.swift */; };
		2B0F7A192570E2CE00919C37 /* SceneDelegate.swift in Sources */ = {isa = PBXBuildFile; fileRef = 2B0F7A182570E2CE00919C37 /* SceneDelegate.swift */; };
		2B0F7A1B2570E2CE00919C37 /* HomeViewController.swift in Sources */ = {isa = PBXBuildFile; fileRef = 2B0F7A1A2570E2CE00919C37 /* HomeViewController.swift */; };
		2B0F7A1E2570E2CE00919C37 /* Main.storyboard in Resources */ = {isa = PBXBuildFile; fileRef = 2B0F7A1C2570E2CE00919C37 /* Main.storyboard */; };
		2B0F7A202570E2D100919C37 /* Assets.xcassets in Resources */ = {isa = PBXBuildFile; fileRef = 2B0F7A1F2570E2D100919C37 /* Assets.xcassets */; };
		2B0F7A232570E2D100919C37 /* LaunchScreen.storyboard in Resources */ = {isa = PBXBuildFile; fileRef = 2B0F7A212570E2D100919C37 /* LaunchScreen.storyboard */; };
		2B0F7A5B2572BA8500919C37 /* PopularCollectionViewCell.swift in Sources */ = {isa = PBXBuildFile; fileRef = 2B0F7A5A2572BA8500919C37 /* PopularCollectionViewCell.swift */; };
		2B0F7A6125747E5100919C37 /* FavouriteCollectionViewCell.swift in Sources */ = {isa = PBXBuildFile; fileRef = 2B0F7A6025747E5100919C37 /* FavouriteCollectionViewCell.swift */; };
		2B0F7A6425748DF400919C37 /* FavouriteRecipeViewController.swift in Sources */ = {isa = PBXBuildFile; fileRef = 2B0F7A6325748DF400919C37 /* FavouriteRecipeViewController.swift */; };
		2B0F7A6A2574949F00919C37 /* FavouriteTableViewCell.swift in Sources */ = {isa = PBXBuildFile; fileRef = 2B0F7A692574949F00919C37 /* FavouriteTableViewCell.swift */; };
		2B0F7A6E2574A5C700919C37 /* Utility.swift in Sources */ = {isa = PBXBuildFile; fileRef = 2B0F7A6D2574A5C700919C37 /* Utility.swift */; };
		2B1EA2AF257FDF0B00C33819 /* recipeType.xml in Resources */ = {isa = PBXBuildFile; fileRef = 2B1EA2AE257FDF0A00C33819 /* recipeType.xml */; };
		2B1EA2B9257FE2E800C33819 /* PopUpStoryboard.storyboard in Resources */ = {isa = PBXBuildFile; fileRef = 2B1EA2B8257FE2E800C33819 /* PopUpStoryboard.storyboard */; };
		2B1EA2BC257FE47000C33819 /* CategoryPickerViewController.swift in Sources */ = {isa = PBXBuildFile; fileRef = 2B1EA2BB257FE47000C33819 /* CategoryPickerViewController.swift */; };
		2B3018342578BBDA007D2CAB /* SearchViewController.swift in Sources */ = {isa = PBXBuildFile; fileRef = 2B3018332578BBDA007D2CAB /* SearchViewController.swift */; };
		2B3018372578C82F007D2CAB /* RecipeDetailsViewController.swift in Sources */ = {isa = PBXBuildFile; fileRef = 2B3018362578C82F007D2CAB /* RecipeDetailsViewController.swift */; };
		2B30183B2578E634007D2CAB /* ReportRecipeViewController.swift in Sources */ = {isa = PBXBuildFile; fileRef = 2B30183A2578E634007D2CAB /* ReportRecipeViewController.swift */; };
		2B30183F2578EF4D007D2CAB /* RecipeTableViewCell.swift in Sources */ = {isa = PBXBuildFile; fileRef = 2B30183E2578EF4D007D2CAB /* RecipeTableViewCell.swift */; };
		2BC712E92574CDCB0008BA5D /* FMDBDatabaseModel.swift in Sources */ = {isa = PBXBuildFile; fileRef = 2BC712E82574CDCB0008BA5D /* FMDBDatabaseModel.swift */; };
		2BC7130D25773A620008BA5D /* recipeList.xml in Resources */ = {isa = PBXBuildFile; fileRef = 2BC7130C25773A620008BA5D /* recipeList.xml */; };
		2BC7131525773EE60008BA5D /* ActivationViewController.swift in Sources */ = {isa = PBXBuildFile; fileRef = 2BC7131425773EE60008BA5D /* ActivationViewController.swift */; };
		2BC7131F2577497D0008BA5D /* LoadingScreen.swift in Sources */ = {isa = PBXBuildFile; fileRef = 2BC7131E2577497D0008BA5D /* LoadingScreen.swift */; };
		2BC7132625774BB60008BA5D /* 39067-loading.json in Resources */ = {isa = PBXBuildFile; fileRef = 2BC7132525774BB60008BA5D /* 39067-loading.json */; };
		2BC71329257757D70008BA5D /* StructureFile.swift in Sources */ = {isa = PBXBuildFile; fileRef = 2BC71328257757D70008BA5D /* StructureFile.swift */; };
		2BC9361325821BD0007D6906 /* RecipeEditViewController.swift in Sources */ = {isa = PBXBuildFile; fileRef = 2BC9361225821BD0007D6906 /* RecipeEditViewController.swift */; };
		2BC9361E25824AEB007D6906 /* IngredientsTableViewCell.swift in Sources */ = {isa = PBXBuildFile; fileRef = 2BC9361D25824AEB007D6906 /* IngredientsTableViewCell.swift */; };
		2BC9362125824B22007D6906 /* StepsTableViewCell.swift in Sources */ = {isa = PBXBuildFile; fileRef = 2BC9362025824B22007D6906 /* StepsTableViewCell.swift */; };
		2BC93627258362F6007D6906 /* TabBarViewController.swift in Sources */ = {isa = PBXBuildFile; fileRef = 2BC93626258362F6007D6906 /* TabBarViewController.swift */; };
/* End PBXBuildFile section */

/* Begin PBXFileReference section */
		0B0BB4FD87CAB68988D4DD8C /* Pods_Easy_Cook.framework */ = {isa = PBXFileReference; explicitFileType = wrapper.framework; includeInIndex = 0; path = Pods_Easy_Cook.framework; sourceTree = BUILT_PRODUCTS_DIR; };
		2B0F7A132570E2CE00919C37 /* Easy Cook.app */ = {isa = PBXFileReference; explicitFileType = wrapper.application; includeInIndex = 0; path = "Easy Cook.app"; sourceTree = BUILT_PRODUCTS_DIR; };
		2B0F7A162570E2CE00919C37 /* AppDelegate.swift */ = {isa = PBXFileReference; lastKnownFileType = sourcecode.swift; path = AppDelegate.swift; sourceTree = "<group>"; };
		2B0F7A182570E2CE00919C37 /* SceneDelegate.swift */ = {isa = PBXFileReference; lastKnownFileType = sourcecode.swift; path = SceneDelegate.swift; sourceTree = "<group>"; };
		2B0F7A1A2570E2CE00919C37 /* HomeViewController.swift */ = {isa = PBXFileReference; lastKnownFileType = sourcecode.swift; path = HomeViewController.swift; sourceTree = "<group>"; };
		2B0F7A1D2570E2CE00919C37 /* Base */ = {isa = PBXFileReference; lastKnownFileType = file.storyboard; name = Base; path = Base.lproj/Main.storyboard; sourceTree = "<group>"; };
		2B0F7A1F2570E2D100919C37 /* Assets.xcassets */ = {isa = PBXFileReference; lastKnownFileType = folder.assetcatalog; path = Assets.xcassets; sourceTree = "<group>"; };
		2B0F7A222570E2D100919C37 /* Base */ = {isa = PBXFileReference; lastKnownFileType = file.storyboard; name = Base; path = Base.lproj/LaunchScreen.storyboard; sourceTree = "<group>"; };
		2B0F7A242570E2D100919C37 /* Info.plist */ = {isa = PBXFileReference; lastKnownFileType = text.plist.xml; path = Info.plist; sourceTree = "<group>"; };
		2B0F7A5A2572BA8500919C37 /* PopularCollectionViewCell.swift */ = {isa = PBXFileReference; lastKnownFileType = sourcecode.swift; path = PopularCollectionViewCell.swift; sourceTree = "<group>"; };
		2B0F7A6025747E5100919C37 /* FavouriteCollectionViewCell.swift */ = {isa = PBXFileReference; lastKnownFileType = sourcecode.swift; path = FavouriteCollectionViewCell.swift; sourceTree = "<group>"; };
		2B0F7A6325748DF400919C37 /* FavouriteRecipeViewController.swift */ = {isa = PBXFileReference; lastKnownFileType = sourcecode.swift; path = FavouriteRecipeViewController.swift; sourceTree = "<group>"; };
		2B0F7A692574949F00919C37 /* FavouriteTableViewCell.swift */ = {isa = PBXFileReference; lastKnownFileType = sourcecode.swift; path = FavouriteTableViewCell.swift; sourceTree = "<group>"; };
		2B0F7A6D2574A5C700919C37 /* Utility.swift */ = {isa = PBXFileReference; lastKnownFileType = sourcecode.swift; path = Utility.swift; sourceTree = "<group>"; };
		2B1EA2AE257FDF0A00C33819 /* recipeType.xml */ = {isa = PBXFileReference; fileEncoding = 4; lastKnownFileType = text.xml; path = recipeType.xml; sourceTree = "<group>"; };
		2B1EA2B8257FE2E800C33819 /* PopUpStoryboard.storyboard */ = {isa = PBXFileReference; lastKnownFileType = file.storyboard; path = PopUpStoryboard.storyboard; sourceTree = "<group>"; };
		2B1EA2BB257FE47000C33819 /* CategoryPickerViewController.swift */ = {isa = PBXFileReference; lastKnownFileType = sourcecode.swift; path = CategoryPickerViewController.swift; sourceTree = "<group>"; };
		2B3018332578BBDA007D2CAB /* SearchViewController.swift */ = {isa = PBXFileReference; lastKnownFileType = sourcecode.swift; path = SearchViewController.swift; sourceTree = "<group>"; };
		2B3018362578C82F007D2CAB /* RecipeDetailsViewController.swift */ = {isa = PBXFileReference; lastKnownFileType = sourcecode.swift; path = RecipeDetailsViewController.swift; sourceTree = "<group>"; };
		2B30183A2578E634007D2CAB /* ReportRecipeViewController.swift */ = {isa = PBXFileReference; lastKnownFileType = sourcecode.swift; path = ReportRecipeViewController.swift; sourceTree = "<group>"; };
		2B30183E2578EF4D007D2CAB /* RecipeTableViewCell.swift */ = {isa = PBXFileReference; lastKnownFileType = sourcecode.swift; path = RecipeTableViewCell.swift; sourceTree = "<group>"; };
		2BC712E82574CDCB0008BA5D /* FMDBDatabaseModel.swift */ = {isa = PBXFileReference; lastKnownFileType = sourcecode.swift; path = FMDBDatabaseModel.swift; sourceTree = "<group>"; };
		2BC7130C25773A620008BA5D /* recipeList.xml */ = {isa = PBXFileReference; fileEncoding = 4; lastKnownFileType = text.xml; path = recipeList.xml; sourceTree = "<group>"; };
		2BC7131425773EE60008BA5D /* ActivationViewController.swift */ = {isa = PBXFileReference; lastKnownFileType = sourcecode.swift; path = ActivationViewController.swift; sourceTree = "<group>"; };
		2BC7131E2577497D0008BA5D /* LoadingScreen.swift */ = {isa = PBXFileReference; lastKnownFileType = sourcecode.swift; path = LoadingScreen.swift; sourceTree = "<group>"; };
		2BC7132525774BB60008BA5D /* 39067-loading.json */ = {isa = PBXFileReference; fileEncoding = 4; lastKnownFileType = text.json; path = "39067-loading.json"; sourceTree = "<group>"; };
		2BC71328257757D70008BA5D /* StructureFile.swift */ = {isa = PBXFileReference; lastKnownFileType = sourcecode.swift; path = StructureFile.swift; sourceTree = "<group>"; };
		2BC9361225821BD0007D6906 /* RecipeEditViewController.swift */ = {isa = PBXFileReference; lastKnownFileType = sourcecode.swift; path = RecipeEditViewController.swift; sourceTree = "<group>"; };
		2BC9361D25824AEB007D6906 /* IngredientsTableViewCell.swift */ = {isa = PBXFileReference; lastKnownFileType = sourcecode.swift; path = IngredientsTableViewCell.swift; sourceTree = "<group>"; };
		2BC9362025824B22007D6906 /* StepsTableViewCell.swift */ = {isa = PBXFileReference; lastKnownFileType = sourcecode.swift; path = StepsTableViewCell.swift; sourceTree = "<group>"; };
		2BC93626258362F6007D6906 /* TabBarViewController.swift */ = {isa = PBXFileReference; lastKnownFileType = sourcecode.swift; path = TabBarViewController.swift; sourceTree = "<group>"; };
		4C6F9888EF99DFA593A549AA /* Pods-Easy Cook.debug.xcconfig */ = {isa = PBXFileReference; includeInIndex = 1; lastKnownFileType = text.xcconfig; name = "Pods-Easy Cook.debug.xcconfig"; path = "Target Support Files/Pods-Easy Cook/Pods-Easy Cook.debug.xcconfig"; sourceTree = "<group>"; };
		EDD47EBC4E905CCB867EE632 /* Pods-Easy Cook.release.xcconfig */ = {isa = PBXFileReference; includeInIndex = 1; lastKnownFileType = text.xcconfig; name = "Pods-Easy Cook.release.xcconfig"; path = "Target Support Files/Pods-Easy Cook/Pods-Easy Cook.release.xcconfig"; sourceTree = "<group>"; };
/* End PBXFileReference section */

/* Begin PBXFrameworksBuildPhase section */
		2B0F7A102570E2CE00919C37 /* Frameworks */ = {
			isa = PBXFrameworksBuildPhase;
			buildActionMask = 2147483647;
			files = (
				0192712C80F91D50E097B48D /* Pods_Easy_Cook.framework in Frameworks */,
			);
			runOnlyForDeploymentPostprocessing = 0;
		};
/* End PBXFrameworksBuildPhase section */

/* Begin PBXGroup section */
		2B0F7A0A2570E2CE00919C37 = {
			isa = PBXGroup;
			children = (
				2B0F7A152570E2CE00919C37 /* Easy Cook */,
				2B0F7A142570E2CE00919C37 /* Products */,
				BBCE65CD66F35616A73B47D8 /* Pods */,
				61F6F6E8FEE6FB0BA903B410 /* Frameworks */,
			);
			sourceTree = "<group>";
		};
		2B0F7A142570E2CE00919C37 /* Products */ = {
			isa = PBXGroup;
			children = (
				2B0F7A132570E2CE00919C37 /* Easy Cook.app */,
			);
			name = Products;
			sourceTree = "<group>";
		};
		2B0F7A152570E2CE00919C37 /* Easy Cook */ = {
			isa = PBXGroup;
			children = (
				2B0F7A1F2570E2D100919C37 /* Assets.xcassets */,
				2B0F7A162570E2CE00919C37 /* AppDelegate.swift */,
				2B0F7A182570E2CE00919C37 /* SceneDelegate.swift */,
				2B0F7A242570E2D100919C37 /* Info.plist */,
				2BC7130B257730050008BA5D /* Database File */,
				2B0F7A582572BA5200919C37 /* Object Class */,
				2B0F7A4A2570EDC200919C37 /* Storyboard */,
				2B0F7A6C2574A5B400919C37 /* Utility */,
				2B0F7A492570EDB500919C37 /* ViewController */,
			);
			path = "Easy Cook";
			sourceTree = "<group>";
		};
		2B0F7A492570EDB500919C37 /* ViewController */ = {
			isa = PBXGroup;
			children = (
				2BC7131425773EE60008BA5D /* ActivationViewController.swift */,
				2B1EA2BB257FE47000C33819 /* CategoryPickerViewController.swift */,
				2B0F7A6325748DF400919C37 /* FavouriteRecipeViewController.swift */,
				2B0F7A1A2570E2CE00919C37 /* HomeViewController.swift */,
				2B3018362578C82F007D2CAB /* RecipeDetailsViewController.swift */,
				2BC9361225821BD0007D6906 /* RecipeEditViewController.swift */,
				2B30183A2578E634007D2CAB /* ReportRecipeViewController.swift */,
				2B3018332578BBDA007D2CAB /* SearchViewController.swift */,
				2BC93626258362F6007D6906 /* TabBarViewController.swift */,
			);
			path = ViewController;
			sourceTree = "<group>";
		};
		2B0F7A4A2570EDC200919C37 /* Storyboard */ = {
			isa = PBXGroup;
			children = (
				2B0F7A212570E2D100919C37 /* LaunchScreen.storyboard */,
				2B0F7A1C2570E2CE00919C37 /* Main.storyboard */,
				2B1EA2B8257FE2E800C33819 /* PopUpStoryboard.storyboard */,
			);
			path = Storyboard;
			sourceTree = "<group>";
		};
		2B0F7A582572BA5200919C37 /* Object Class */ = {
			isa = PBXGroup;
			children = (
				2B0F7A6025747E5100919C37 /* FavouriteCollectionViewCell.swift */,
				2B0F7A692574949F00919C37 /* FavouriteTableViewCell.swift */,
				2BC9361D25824AEB007D6906 /* IngredientsTableViewCell.swift */,
				2B0F7A5A2572BA8500919C37 /* PopularCollectionViewCell.swift */,
				2B30183E2578EF4D007D2CAB /* RecipeTableViewCell.swift */,
				2BC9362025824B22007D6906 /* StepsTableViewCell.swift */,
				2BC71328257757D70008BA5D /* StructureFile.swift */,
			);
			path = "Object Class";
			sourceTree = "<group>";
		};
		2B0F7A6C2574A5B400919C37 /* Utility */ = {
			isa = PBXGroup;
			children = (
				2BC71318257748740008BA5D /* Loading Screen */,
				2B0F7A6D2574A5C700919C37 /* Utility.swift */,
			);
			path = Utility;
			sourceTree = "<group>";
		};
		2BC7130B257730050008BA5D /* Database File */ = {
			isa = PBXGroup;
			children = (
				2B1EA2AE257FDF0A00C33819 /* recipeType.xml */,
				2BC7130C25773A620008BA5D /* recipeList.xml */,
				2BC712E82574CDCB0008BA5D /* FMDBDatabaseModel.swift */,
			);
			path = "Database File";
			sourceTree = "<group>";
		};
		2BC71318257748740008BA5D /* Loading Screen */ = {
			isa = PBXGroup;
			children = (
				2BC7132525774BB60008BA5D /* 39067-loading.json */,
				2BC7131E2577497D0008BA5D /* LoadingScreen.swift */,
			);
			path = "Loading Screen";
			sourceTree = "<group>";
		};
		61F6F6E8FEE6FB0BA903B410 /* Frameworks */ = {
			isa = PBXGroup;
			children = (
				0B0BB4FD87CAB68988D4DD8C /* Pods_Easy_Cook.framework */,
			);
			name = Frameworks;
			sourceTree = "<group>";
		};
		BBCE65CD66F35616A73B47D8 /* Pods */ = {
			isa = PBXGroup;
			children = (
				4C6F9888EF99DFA593A549AA /* Pods-Easy Cook.debug.xcconfig */,
				EDD47EBC4E905CCB867EE632 /* Pods-Easy Cook.release.xcconfig */,
			);
			path = Pods;
			sourceTree = "<group>";
		};
/* End PBXGroup section */

/* Begin PBXNativeTarget section */
		2B0F7A122570E2CE00919C37 /* Easy Cook */ = {
			isa = PBXNativeTarget;
			buildConfigurationList = 2B0F7A3D2570E2D200919C37 /* Build configuration list for PBXNativeTarget "Easy Cook" */;
			buildPhases = (
				E4490E778D49FFB6EC72210D /* [CP] Check Pods Manifest.lock */,
				2B0F7A0F2570E2CE00919C37 /* Sources */,
				2B0F7A102570E2CE00919C37 /* Frameworks */,
				2B0F7A112570E2CE00919C37 /* Resources */,
				DDF0E51D2944E95EFEFD02FC /* [CP] Embed Pods Frameworks */,
			);
			buildRules = (
			);
			dependencies = (
			);
			name = "Easy Cook";
			productName = "Easy Cook";
			productReference = 2B0F7A132570E2CE00919C37 /* Easy Cook.app */;
			productType = "com.apple.product-type.application";
		};
/* End PBXNativeTarget section */

/* Begin PBXProject section */
		2B0F7A0B2570E2CE00919C37 /* Project object */ = {
			isa = PBXProject;
			attributes = {
				LastSwiftUpdateCheck = 1220;
				LastUpgradeCheck = 1220;
				TargetAttributes = {
					2B0F7A122570E2CE00919C37 = {
						CreatedOnToolsVersion = 12.2;
					};
				};
			};
			buildConfigurationList = 2B0F7A0E2570E2CE00919C37 /* Build configuration list for PBXProject "Easy Cook" */;
			compatibilityVersion = "Xcode 9.3";
			developmentRegion = en;
			hasScannedForEncodings = 0;
			knownRegions = (
				en,
				Base,
			);
			mainGroup = 2B0F7A0A2570E2CE00919C37;
			productRefGroup = 2B0F7A142570E2CE00919C37 /* Products */;
			projectDirPath = "";
			projectRoot = "";
			targets = (
				2B0F7A122570E2CE00919C37 /* Easy Cook */,
			);
		};
/* End PBXProject section */

/* Begin PBXResourcesBuildPhase section */
		2B0F7A112570E2CE00919C37 /* Resources */ = {
			isa = PBXResourcesBuildPhase;
			buildActionMask = 2147483647;
			files = (
				2B0F7A232570E2D100919C37 /* LaunchScreen.storyboard in Resources */,
				2BC7130D25773A620008BA5D /* recipeList.xml in Resources */,
				2B0F7A202570E2D100919C37 /* Assets.xcassets in Resources */,
				2BC7132625774BB60008BA5D /* 39067-loading.json in Resources */,
				2B0F7A1E2570E2CE00919C37 /* Main.storyboard in Resources */,
				2B1EA2B9257FE2E800C33819 /* PopUpStoryboard.storyboard in Resources */,
				2B1EA2AF257FDF0B00C33819 /* recipeType.xml in Resources */,
			);
			runOnlyForDeploymentPostprocessing = 0;
		};
/* End PBXResourcesBuildPhase section */

/* Begin PBXShellScriptBuildPhase section */
		DDF0E51D2944E95EFEFD02FC /* [CP] Embed Pods Frameworks */ = {
			isa = PBXShellScriptBuildPhase;
			buildActionMask = 2147483647;
			files = (
			);
			inputFileListPaths = (
				"${PODS_ROOT}/Target Support Files/Pods-Easy Cook/Pods-Easy Cook-frameworks-${CONFIGURATION}-input-files.xcfilelist",
			);
			name = "[CP] Embed Pods Frameworks";
			outputFileListPaths = (
				"${PODS_ROOT}/Target Support Files/Pods-Easy Cook/Pods-Easy Cook-frameworks-${CONFIGURATION}-output-files.xcfilelist",
			);
			runOnlyForDeploymentPostprocessing = 0;
			shellPath = /bin/sh;
			shellScript = "\"${PODS_ROOT}/Target Support Files/Pods-Easy Cook/Pods-Easy Cook-frameworks.sh\"\n";
			showEnvVarsInLog = 0;
		};
		E4490E778D49FFB6EC72210D /* [CP] Check Pods Manifest.lock */ = {
			isa = PBXShellScriptBuildPhase;
			buildActionMask = 2147483647;
			files = (
			);
			inputFileListPaths = (
			);
			inputPaths = (
				"${PODS_PODFILE_DIR_PATH}/Podfile.lock",
				"${PODS_ROOT}/Manifest.lock",
			);
			name = "[CP] Check Pods Manifest.lock";
			outputFileListPaths = (
			);
			outputPaths = (
				"$(DERIVED_FILE_DIR)/Pods-Easy Cook-checkManifestLockResult.txt",
			);
			runOnlyForDeploymentPostprocessing = 0;
			shellPath = /bin/sh;
			shellScript = "diff \"${PODS_PODFILE_DIR_PATH}/Podfile.lock\" \"${PODS_ROOT}/Manifest.lock\" > /dev/null\nif [ $? != 0 ] ; then\n    # print error to STDERR\n    echo \"error: The sandbox is not in sync with the Podfile.lock. Run 'pod install' or update your CocoaPods installation.\" >&2\n    exit 1\nfi\n# This output is used by Xcode 'outputs' to avoid re-running this script phase.\necho \"SUCCESS\" > \"${SCRIPT_OUTPUT_FILE_0}\"\n";
			showEnvVarsInLog = 0;
		};
/* End PBXShellScriptBuildPhase section */

/* Begin PBXSourcesBuildPhase section */
		2B0F7A0F2570E2CE00919C37 /* Sources */ = {
			isa = PBXSourcesBuildPhase;
			buildActionMask = 2147483647;
			files = (
				2B0F7A6425748DF400919C37 /* FavouriteRecipeViewController.swift in Sources */,
				2BC7131F2577497D0008BA5D /* LoadingScreen.swift in Sources */,
				2B1EA2BC257FE47000C33819 /* CategoryPickerViewController.swift in Sources */,
				2B0F7A5B2572BA8500919C37 /* PopularCollectionViewCell.swift in Sources */,
				2BC93627258362F6007D6906 /* TabBarViewController.swift in Sources */,
				2BC9361325821BD0007D6906 /* RecipeEditViewController.swift in Sources */,
				2BC9362125824B22007D6906 /* StepsTableViewCell.swift in Sources */,
				2B3018372578C82F007D2CAB /* RecipeDetailsViewController.swift in Sources */,
				2BC71329257757D70008BA5D /* StructureFile.swift in Sources */,
				2BC7131525773EE60008BA5D /* ActivationViewController.swift in Sources */,
				2BC9361E25824AEB007D6906 /* IngredientsTableViewCell.swift in Sources */,
				2B0F7A1B2570E2CE00919C37 /* HomeViewController.swift in Sources */,
				2B0F7A6125747E5100919C37 /* FavouriteCollectionViewCell.swift in Sources */,
				2B0F7A6E2574A5C700919C37 /* Utility.swift in Sources */,
				2B3018342578BBDA007D2CAB /* SearchViewController.swift in Sources */,
				2BC712E92574CDCB0008BA5D /* FMDBDatabaseModel.swift in Sources */,
				2B30183B2578E634007D2CAB /* ReportRecipeViewController.swift in Sources */,
				2B0F7A6A2574949F00919C37 /* FavouriteTableViewCell.swift in Sources */,
				2B0F7A172570E2CE00919C37 /* AppDelegate.swift in Sources */,
				2B0F7A192570E2CE00919C37 /* SceneDelegate.swift in Sources */,
				2B30183F2578EF4D007D2CAB /* RecipeTableViewCell.swift in Sources */,
			);
			runOnlyForDeploymentPostprocessing = 0;
		};
/* End PBXSourcesBuildPhase section */

/* Begin PBXVariantGroup section */
		2B0F7A1C2570E2CE00919C37 /* Main.storyboard */ = {
			isa = PBXVariantGroup;
			children = (
				2B0F7A1D2570E2CE00919C37 /* Base */,
			);
			name = Main.storyboard;
			sourceTree = "<group>";
		};
		2B0F7A212570E2D100919C37 /* LaunchScreen.storyboard */ = {
			isa = PBXVariantGroup;
			children = (
				2B0F7A222570E2D100919C37 /* Base */,
			);
			name = LaunchScreen.storyboard;
			sourceTree = "<group>";
		};
/* End PBXVariantGroup section */

/* Begin XCBuildConfiguration section */
		2B0F7A3B2570E2D200919C37 /* Debug */ = {
			isa = XCBuildConfiguration;
			buildSettings = {
				ALWAYS_SEARCH_USER_PATHS = NO;
				CLANG_ANALYZER_NONNULL = YES;
				CLANG_ANALYZER_NUMBER_OBJECT_CONVERSION = YES_AGGRESSIVE;
				CLANG_CXX_LANGUAGE_STANDARD = "gnu++14";
				CLANG_CXX_LIBRARY = "libc++";
				CLANG_ENABLE_MODULES = YES;
				CLANG_ENABLE_OBJC_ARC = YES;
				CLANG_ENABLE_OBJC_WEAK = YES;
				CLANG_WARN_BLOCK_CAPTURE_AUTORELEASING = YES;
				CLANG_WARN_BOOL_CONVERSION = YES;
				CLANG_WARN_COMMA = YES;
				CLANG_WARN_CONSTANT_CONVERSION = YES;
				CLANG_WARN_DEPRECATED_OBJC_IMPLEMENTATIONS = YES;
				CLANG_WARN_DIRECT_OBJC_ISA_USAGE = YES_ERROR;
				CLANG_WARN_DOCUMENTATION_COMMENTS = YES;
				CLANG_WARN_EMPTY_BODY = YES;
				CLANG_WARN_ENUM_CONVERSION = YES;
				CLANG_WARN_INFINITE_RECURSION = YES;
				CLANG_WARN_INT_CONVERSION = YES;
				CLANG_WARN_NON_LITERAL_NULL_CONVERSION = YES;
				CLANG_WARN_OBJC_IMPLICIT_RETAIN_SELF = YES;
				CLANG_WARN_OBJC_LITERAL_CONVERSION = YES;
				CLANG_WARN_OBJC_ROOT_CLASS = YES_ERROR;
				CLANG_WARN_QUOTED_INCLUDE_IN_FRAMEWORK_HEADER = YES;
				CLANG_WARN_RANGE_LOOP_ANALYSIS = YES;
				CLANG_WARN_STRICT_PROTOTYPES = YES;
				CLANG_WARN_SUSPICIOUS_MOVE = YES;
				CLANG_WARN_UNGUARDED_AVAILABILITY = YES_AGGRESSIVE;
				CLANG_WARN_UNREACHABLE_CODE = YES;
				CLANG_WARN__DUPLICATE_METHOD_MATCH = YES;
				COPY_PHASE_STRIP = NO;
				DEBUG_INFORMATION_FORMAT = dwarf;
				ENABLE_STRICT_OBJC_MSGSEND = YES;
				ENABLE_TESTABILITY = YES;
				GCC_C_LANGUAGE_STANDARD = gnu11;
				GCC_DYNAMIC_NO_PIC = NO;
				GCC_NO_COMMON_BLOCKS = YES;
				GCC_OPTIMIZATION_LEVEL = 0;
				GCC_PREPROCESSOR_DEFINITIONS = (
					"DEBUG=1",
					"$(inherited)",
				);
				GCC_WARN_64_TO_32_BIT_CONVERSION = YES;
				GCC_WARN_ABOUT_RETURN_TYPE = YES_ERROR;
				GCC_WARN_UNDECLARED_SELECTOR = YES;
				GCC_WARN_UNINITIALIZED_AUTOS = YES_AGGRESSIVE;
				GCC_WARN_UNUSED_FUNCTION = YES;
				GCC_WARN_UNUSED_VARIABLE = YES;
				IPHONEOS_DEPLOYMENT_TARGET = 13.0;
				MTL_ENABLE_DEBUG_INFO = INCLUDE_SOURCE;
				MTL_FAST_MATH = YES;
				ONLY_ACTIVE_ARCH = YES;
				SDKROOT = iphoneos;
				SWIFT_ACTIVE_COMPILATION_CONDITIONS = DEBUG;
				SWIFT_OPTIMIZATION_LEVEL = "-Onone";
			};
			name = Debug;
		};
		2B0F7A3C2570E2D200919C37 /* Release */ = {
			isa = XCBuildConfiguration;
			buildSettings = {
				ALWAYS_SEARCH_USER_PATHS = NO;
				CLANG_ANALYZER_NONNULL = YES;
				CLANG_ANALYZER_NUMBER_OBJECT_CONVERSION = YES_AGGRESSIVE;
				CLANG_CXX_LANGUAGE_STANDARD = "gnu++14";
				CLANG_CXX_LIBRARY = "libc++";
				CLANG_ENABLE_MODULES = YES;
				CLANG_ENABLE_OBJC_ARC = YES;
				CLANG_ENABLE_OBJC_WEAK = YES;
				CLANG_WARN_BLOCK_CAPTURE_AUTORELEASING = YES;
				CLANG_WARN_BOOL_CONVERSION = YES;
				CLANG_WARN_COMMA = YES;
				CLANG_WARN_CONSTANT_CONVERSION = YES;
				CLANG_WARN_DEPRECATED_OBJC_IMPLEMENTATIONS = YES;
				CLANG_WARN_DIRECT_OBJC_ISA_USAGE = YES_ERROR;
				CLANG_WARN_DOCUMENTATION_COMMENTS = YES;
				CLANG_WARN_EMPTY_BODY = YES;
				CLANG_WARN_ENUM_CONVERSION = YES;
				CLANG_WARN_INFINITE_RECURSION = YES;
				CLANG_WARN_INT_CONVERSION = YES;
				CLANG_WARN_NON_LITERAL_NULL_CONVERSION = YES;
				CLANG_WARN_OBJC_IMPLICIT_RETAIN_SELF = YES;
				CLANG_WARN_OBJC_LITERAL_CONVERSION = YES;
				CLANG_WARN_OBJC_ROOT_CLASS = YES_ERROR;
				CLANG_WARN_QUOTED_INCLUDE_IN_FRAMEWORK_HEADER = YES;
				CLANG_WARN_RANGE_LOOP_ANALYSIS = YES;
				CLANG_WARN_STRICT_PROTOTYPES = YES;
				CLANG_WARN_SUSPICIOUS_MOVE = YES;
				CLANG_WARN_UNGUARDED_AVAILABILITY = YES_AGGRESSIVE;
				CLANG_WARN_UNREACHABLE_CODE = YES;
				CLANG_WARN__DUPLICATE_METHOD_MATCH = YES;
				COPY_PHASE_STRIP = NO;
				DEBUG_INFORMATION_FORMAT = "dwarf-with-dsym";
				ENABLE_NS_ASSERTIONS = NO;
				ENABLE_STRICT_OBJC_MSGSEND = YES;
				GCC_C_LANGUAGE_STANDARD = gnu11;
				GCC_NO_COMMON_BLOCKS = YES;
				GCC_WARN_64_TO_32_BIT_CONVERSION = YES;
				GCC_WARN_ABOUT_RETURN_TYPE = YES_ERROR;
				GCC_WARN_UNDECLARED_SELECTOR = YES;
				GCC_WARN_UNINITIALIZED_AUTOS = YES_AGGRESSIVE;
				GCC_WARN_UNUSED_FUNCTION = YES;
				GCC_WARN_UNUSED_VARIABLE = YES;
				IPHONEOS_DEPLOYMENT_TARGET = 13.0;
				MTL_ENABLE_DEBUG_INFO = NO;
				MTL_FAST_MATH = YES;
				SDKROOT = iphoneos;
				SWIFT_COMPILATION_MODE = wholemodule;
				SWIFT_OPTIMIZATION_LEVEL = "-O";
				VALIDATE_PRODUCT = YES;
			};
			name = Release;
		};
		2B0F7A3E2570E2D200919C37 /* Debug */ = {
			isa = XCBuildConfiguration;
			baseConfigurationReference = 4C6F9888EF99DFA593A549AA /* Pods-Easy Cook.debug.xcconfig */;
			buildSettings = {
				ASSETCATALOG_COMPILER_APPICON_NAME = AppIcon;
				ASSETCATALOG_COMPILER_GLOBAL_ACCENT_COLOR_NAME = AccentColor;
				CODE_SIGN_STYLE = Automatic;
				DEVELOPMENT_TEAM = 7C3CPSNYFQ;
				INFOPLIST_FILE = "Easy Cook/Info.plist";
				LD_RUNPATH_SEARCH_PATHS = (
					"$(inherited)",
					"@executable_path/Frameworks",
				);
				PRODUCT_BUNDLE_IDENTIFIER = "com.junhong.Easy-Cook";
				PRODUCT_NAME = "$(TARGET_NAME)";
				SWIFT_VERSION = 5.0;
				TARGETED_DEVICE_FAMILY = 1;
			};
			name = Debug;
		};
		2B0F7A3F2570E2D200919C37 /* Release */ = {
			isa = XCBuildConfiguration;
			baseConfigurationReference = EDD47EBC4E905CCB867EE632 /* Pods-Easy Cook.release.xcconfig */;
			buildSettings = {
				ASSETCATALOG_COMPILER_APPICON_NAME = AppIcon;
				ASSETCATALOG_COMPILER_GLOBAL_ACCENT_COLOR_NAME = AccentColor;
				CODE_SIGN_STYLE = Automatic;
				DEVELOPMENT_TEAM = 7C3CPSNYFQ;
				INFOPLIST_FILE = "Easy Cook/Info.plist";
				LD_RUNPATH_SEARCH_PATHS = (
					"$(inherited)",
					"@executable_path/Frameworks",
				);
				ONLY_ACTIVE_ARCH = YES;
				PRODUCT_BUNDLE_IDENTIFIER = "com.junhong.Easy-Cook";
				PRODUCT_NAME = "$(TARGET_NAME)";
				SWIFT_VERSION = 5.0;
				TARGETED_DEVICE_FAMILY = 1;
			};
			name = Release;
		};
/* End XCBuildConfiguration section */

/* Begin XCConfigurationList section */
		2B0F7A0E2570E2CE00919C37 /* Build configuration list for PBXProject "Easy Cook" */ = {
			isa = XCConfigurationList;
			buildConfigurations = (
				2B0F7A3B2570E2D200919C37 /* Debug */,
				2B0F7A3C2570E2D200919C37 /* Release */,
			);
			defaultConfigurationIsVisible = 0;
			defaultConfigurationName = Release;
		};
		2B0F7A3D2570E2D200919C37 /* Build configuration list for PBXNativeTarget "Easy Cook" */ = {
			isa = XCConfigurationList;
			buildConfigurations = (
				2B0F7A3E2570E2D200919C37 /* Debug */,
				2B0F7A3F2570E2D200919C37 /* Release */,
			);
			defaultConfigurationIsVisible = 0;
			defaultConfigurationName = Release;
		};
/* End XCConfigurationList section */
	};
	rootObject = 2B0F7A0B2570E2CE00919C37 /* Project object */;
}
